// !$*UTF8*$!
{
	archiveVersion = 1;
	classes = {
	};
	objectVersion = 46;
	objects = {

/* Begin PBXBuildFile section */
		7E541D3F1B0683B2003D1A99 /* User.swift in Sources */ = {isa = PBXBuildFile; fileRef = 7E541D3E1B0683B2003D1A99 /* User.swift */; };
		7E541D411B0683D3003D1A99 /* Group.swift in Sources */ = {isa = PBXBuildFile; fileRef = 7E541D401B0683D3003D1A99 /* Group.swift */; };
		7E541D461B06841F003D1A99 /* MediaType.swift in Sources */ = {isa = PBXBuildFile; fileRef = 7E541D451B06841F003D1A99 /* MediaType.swift */; };
		7E541D481B068430003D1A99 /* Photo.swift in Sources */ = {isa = PBXBuildFile; fileRef = 7E541D471B068430003D1A99 /* Photo.swift */; };
		7E541D4A1B068447003D1A99 /* Video.swift in Sources */ = {isa = PBXBuildFile; fileRef = 7E541D491B068447003D1A99 /* Video.swift */; };
		7E541D501B068580003D1A99 /* VoiceReq.swift in Sources */ = {isa = PBXBuildFile; fileRef = 7E541D4F1B068580003D1A99 /* VoiceReq.swift */; };
		7E541D521B0685AF003D1A99 /* ConfigManager.swift in Sources */ = {isa = PBXBuildFile; fileRef = 7E541D511B0685AF003D1A99 /* ConfigManager.swift */; };
		7E93C7F11B0FDC69009994B0 /* ParseCoreManager.swift in Sources */ = {isa = PBXBuildFile; fileRef = 7E93C7F01B0FDC69009994B0 /* ParseCoreManager.swift */; };
		7E93C7F31B0FE19B009994B0 /* NewCategoryView.xib in Resources */ = {isa = PBXBuildFile; fileRef = 7E93C7F21B0FE19B009994B0 /* NewCategoryView.xib */; };
		7EAB31E01B0F97C700236B42 /* LoginViewController.swift in Sources */ = {isa = PBXBuildFile; fileRef = 7EAB31DF1B0F97C700236B42 /* LoginViewController.swift */; };
		EB3668021B0A7D2E00046C79 /* Media.swift in Sources */ = {isa = PBXBuildFile; fileRef = EB3668011B0A7D2E00046C79 /* Media.swift */; };
		EB3668051B0A90A100046C79 /* CategoryManager.swift in Sources */ = {isa = PBXBuildFile; fileRef = EB3668041B0A90A100046C79 /* CategoryManager.swift */; };
		EB3668091B0A942C00046C79 /* NewCategoryView.swift in Sources */ = {isa = PBXBuildFile; fileRef = EB3668081B0A942C00046C79 /* NewCategoryView.swift */; };
		EB4660D91B0BADB100CAD9EE /* Item.swift in Sources */ = {isa = PBXBuildFile; fileRef = EB4660D81B0BADB100CAD9EE /* Item.swift */; };
		EB4660DC1B0BDE5600CAD9EE /* Stack.swift in Sources */ = {isa = PBXBuildFile; fileRef = EB4660DB1B0BDE5600CAD9EE /* Stack.swift */; };
		EB6C4F4A1B0FA01A00888C89 /* CategoryRenameView.swift in Sources */ = {isa = PBXBuildFile; fileRef = EB6C4F491B0FA01A00888C89 /* CategoryRenameView.swift */; };
		EB8C9B211B0E66CF0096F2E3 /* Main-iPad.storyboard in Resources */ = {isa = PBXBuildFile; fileRef = EB8C9B201B0E66CF0096F2E3 /* Main-iPad.storyboard */; };
		EBB1D8431B05347900F8D8B1 /* AppDelegate.swift in Sources */ = {isa = PBXBuildFile; fileRef = EBB1D8421B05347900F8D8B1 /* AppDelegate.swift */; };
		EBB1D8451B05347900F8D8B1 /* MainViewController.swift in Sources */ = {isa = PBXBuildFile; fileRef = EBB1D8441B05347900F8D8B1 /* MainViewController.swift */; };
		EBB1D8471B05347900F8D8B1 /* SettingsViewController.swift in Sources */ = {isa = PBXBuildFile; fileRef = EBB1D8461B05347900F8D8B1 /* SettingsViewController.swift */; };
		EBB1D84A1B05347900F8D8B1 /* Main-iPhone.storyboard in Resources */ = {isa = PBXBuildFile; fileRef = EBB1D8481B05347900F8D8B1 /* Main-iPhone.storyboard */; };
		EBB1D84C1B05347900F8D8B1 /* Images.xcassets in Resources */ = {isa = PBXBuildFile; fileRef = EBB1D84B1B05347900F8D8B1 /* Images.xcassets */; };
		EBB1D84F1B05347900F8D8B1 /* LaunchScreen.xib in Resources */ = {isa = PBXBuildFile; fileRef = EBB1D84D1B05347900F8D8B1 /* LaunchScreen.xib */; };
		EBB1D85B1B05347900F8D8B1 /* Mini_3Tests.swift in Sources */ = {isa = PBXBuildFile; fileRef = EBB1D85A1B05347900F8D8B1 /* Mini_3Tests.swift */; };
		EBB1D86B1B053ECA00F8D8B1 /* GalleryItemView.xib in Resources */ = {isa = PBXBuildFile; fileRef = EBB1D86A1B053ECA00F8D8B1 /* GalleryItemView.xib */; };
		EBB1D86F1B06879D00F8D8B1 /* Category.swift in Sources */ = {isa = PBXBuildFile; fileRef = EBB1D86E1B06879D00F8D8B1 /* Category.swift */; };
		EBB1D8711B0687A900F8D8B1 /* Gallery.swift in Sources */ = {isa = PBXBuildFile; fileRef = EBB1D8701B0687A900F8D8B1 /* Gallery.swift */; };
/* End PBXBuildFile section */

/* Begin PBXContainerItemProxy section */
		EBB1D8551B05347900F8D8B1 /* PBXContainerItemProxy */ = {
			isa = PBXContainerItemProxy;
			containerPortal = EBB1D8351B05347900F8D8B1 /* Project object */;
			proxyType = 1;
			remoteGlobalIDString = EBB1D83C1B05347900F8D8B1;
			remoteInfo = "Mini#3";
		};
/* End PBXContainerItemProxy section */

/* Begin PBXFileReference section */
		7E541D3E1B0683B2003D1A99 /* User.swift */ = {isa = PBXFileReference; fileEncoding = 4; lastKnownFileType = sourcecode.swift; path = User.swift; sourceTree = "<group>"; };
		7E541D401B0683D3003D1A99 /* Group.swift */ = {isa = PBXFileReference; fileEncoding = 4; lastKnownFileType = sourcecode.swift; path = Group.swift; sourceTree = "<group>"; };
		7E541D451B06841F003D1A99 /* MediaType.swift */ = {isa = PBXFileReference; fileEncoding = 4; lastKnownFileType = sourcecode.swift; path = MediaType.swift; sourceTree = "<group>"; };
		7E541D471B068430003D1A99 /* Photo.swift */ = {isa = PBXFileReference; fileEncoding = 4; lastKnownFileType = sourcecode.swift; path = Photo.swift; sourceTree = "<group>"; };
		7E541D491B068447003D1A99 /* Video.swift */ = {isa = PBXFileReference; fileEncoding = 4; lastKnownFileType = sourcecode.swift; path = Video.swift; sourceTree = "<group>"; };
		7E541D4F1B068580003D1A99 /* VoiceReq.swift */ = {isa = PBXFileReference; fileEncoding = 4; lastKnownFileType = sourcecode.swift; path = VoiceReq.swift; sourceTree = "<group>"; };
		7E541D511B0685AF003D1A99 /* ConfigManager.swift */ = {isa = PBXFileReference; fileEncoding = 4; lastKnownFileType = sourcecode.swift; path = ConfigManager.swift; sourceTree = "<group>"; };
		7E93C7F01B0FDC69009994B0 /* ParseCoreManager.swift */ = {isa = PBXFileReference; fileEncoding = 4; lastKnownFileType = sourcecode.swift; path = ParseCoreManager.swift; sourceTree = "<group>"; };
		7E93C7F21B0FE19B009994B0 /* NewCategoryView.xib */ = {isa = PBXFileReference; fileEncoding = 4; lastKnownFileType = file.xib; path = NewCategoryView.xib; sourceTree = "<group>"; };
		7EAB31DF1B0F97C700236B42 /* LoginViewController.swift */ = {isa = PBXFileReference; fileEncoding = 4; lastKnownFileType = sourcecode.swift; path = LoginViewController.swift; sourceTree = "<group>"; };
		EB3668011B0A7D2E00046C79 /* Media.swift */ = {isa = PBXFileReference; fileEncoding = 4; lastKnownFileType = sourcecode.swift; path = Media.swift; sourceTree = "<group>"; };
		EB3668041B0A90A100046C79 /* CategoryManager.swift */ = {isa = PBXFileReference; fileEncoding = 4; lastKnownFileType = sourcecode.swift; path = CategoryManager.swift; sourceTree = "<group>"; };
		EB3668081B0A942C00046C79 /* NewCategoryView.swift */ = {isa = PBXFileReference; fileEncoding = 4; lastKnownFileType = sourcecode.swift; path = NewCategoryView.swift; sourceTree = "<group>"; };
		EB4660D81B0BADB100CAD9EE /* Item.swift */ = {isa = PBXFileReference; fileEncoding = 4; lastKnownFileType = sourcecode.swift; path = Item.swift; sourceTree = "<group>"; };
		EB4660DB1B0BDE5600CAD9EE /* Stack.swift */ = {isa = PBXFileReference; fileEncoding = 4; lastKnownFileType = sourcecode.swift; path = Stack.swift; sourceTree = "<group>"; };
		EB6C4F491B0FA01A00888C89 /* CategoryRenameView.swift */ = {isa = PBXFileReference; fileEncoding = 4; lastKnownFileType = sourcecode.swift; path = CategoryRenameView.swift; sourceTree = "<group>"; };
		EB8C9B201B0E66CF0096F2E3 /* Main-iPad.storyboard */ = {isa = PBXFileReference; fileEncoding = 4; lastKnownFileType = file.storyboard; path = "Main-iPad.storyboard"; sourceTree = "<group>"; };
		EBB1D83D1B05347900F8D8B1 /* Mini#3.app */ = {isa = PBXFileReference; explicitFileType = wrapper.application; includeInIndex = 0; path = "Mini#3.app"; sourceTree = BUILT_PRODUCTS_DIR; };
		EBB1D8411B05347900F8D8B1 /* Info.plist */ = {isa = PBXFileReference; lastKnownFileType = text.plist.xml; path = Info.plist; sourceTree = "<group>"; };
		EBB1D8421B05347900F8D8B1 /* AppDelegate.swift */ = {isa = PBXFileReference; lastKnownFileType = sourcecode.swift; path = AppDelegate.swift; sourceTree = "<group>"; };
		EBB1D8441B05347900F8D8B1 /* MainViewController.swift */ = {isa = PBXFileReference; lastKnownFileType = sourcecode.swift; path = MainViewController.swift; sourceTree = "<group>"; };
		EBB1D8461B05347900F8D8B1 /* SettingsViewController.swift */ = {isa = PBXFileReference; lastKnownFileType = sourcecode.swift; path = SettingsViewController.swift; sourceTree = "<group>"; };
		EBB1D8491B05347900F8D8B1 /* Base */ = {isa = PBXFileReference; lastKnownFileType = file.storyboard; name = Base; path = "Base.lproj/Main-iPhone.storyboard"; sourceTree = "<group>"; };
		EBB1D84B1B05347900F8D8B1 /* Images.xcassets */ = {isa = PBXFileReference; lastKnownFileType = folder.assetcatalog; path = Images.xcassets; sourceTree = "<group>"; };
		EBB1D84E1B05347900F8D8B1 /* Base */ = {isa = PBXFileReference; lastKnownFileType = file.xib; name = Base; path = Base.lproj/LaunchScreen.xib; sourceTree = "<group>"; };
		EBB1D8541B05347900F8D8B1 /* Mini#3Tests.xctest */ = {isa = PBXFileReference; explicitFileType = wrapper.cfbundle; includeInIndex = 0; path = "Mini#3Tests.xctest"; sourceTree = BUILT_PRODUCTS_DIR; };
		EBB1D8591B05347900F8D8B1 /* Info.plist */ = {isa = PBXFileReference; lastKnownFileType = text.plist.xml; path = Info.plist; sourceTree = "<group>"; };
		EBB1D85A1B05347900F8D8B1 /* Mini_3Tests.swift */ = {isa = PBXFileReference; lastKnownFileType = sourcecode.swift; path = Mini_3Tests.swift; sourceTree = "<group>"; };
		EBB1D86A1B053ECA00F8D8B1 /* GalleryItemView.xib */ = {isa = PBXFileReference; fileEncoding = 4; lastKnownFileType = file.xib; path = GalleryItemView.xib; sourceTree = "<group>"; };
		EBB1D86E1B06879D00F8D8B1 /* Category.swift */ = {isa = PBXFileReference; fileEncoding = 4; lastKnownFileType = sourcecode.swift; path = Category.swift; sourceTree = "<group>"; };
		EBB1D8701B0687A900F8D8B1 /* Gallery.swift */ = {isa = PBXFileReference; fileEncoding = 4; lastKnownFileType = sourcecode.swift; path = Gallery.swift; sourceTree = "<group>"; };
/* End PBXFileReference section */

/* Begin PBXFrameworksBuildPhase section */
		EBB1D83A1B05347900F8D8B1 /* Frameworks */ = {
			isa = PBXFrameworksBuildPhase;
			buildActionMask = 2147483647;
			files = (
			);
			runOnlyForDeploymentPostprocessing = 0;
		};
		EBB1D8511B05347900F8D8B1 /* Frameworks */ = {
			isa = PBXFrameworksBuildPhase;
			buildActionMask = 2147483647;
			files = (
			);
			runOnlyForDeploymentPostprocessing = 0;
		};
/* End PBXFrameworksBuildPhase section */

/* Begin PBXGroup section */
		7E541D3A1B0682DC003D1A99 /* Views */ = {
			isa = PBXGroup;
			children = (
				EB3667FF1B0A4C7B00046C79 /* xib */,
				EB3668001B0A5D6400046C79 /* ViewControllers */,
			);
			name = Views;
			sourceTree = "<group>";
		};
		7E541D3B1B0682E1003D1A99 /* Entidades */ = {
			isa = PBXGroup;
			children = (
				7E541D441B068403003D1A99 /* Category */,
				7E541D431B0683F7003D1A99 /* Media */,
				7E541D421B0683E1003D1A99 /* User */,
			);
			name = Entidades;
			sourceTree = "<group>";
		};
		7E541D3C1B0682E6003D1A99 /* Parse */ = {
			isa = PBXGroup;
			children = (
				7E93C7EE1B0FDBF7009994B0 /* Local */,
				7E93C7EF1B0FDC07009994B0 /* Core */,
			);
			name = Parse;
			sourceTree = "<group>";
		};
		7E541D421B0683E1003D1A99 /* User */ = {
			isa = PBXGroup;
			children = (
				7E541D3E1B0683B2003D1A99 /* User.swift */,
				7E541D401B0683D3003D1A99 /* Group.swift */,
			);
			name = User;
			sourceTree = "<group>";
		};
		7E541D431B0683F7003D1A99 /* Media */ = {
			isa = PBXGroup;
			children = (
				7E541D451B06841F003D1A99 /* MediaType.swift */,
				7E541D471B068430003D1A99 /* Photo.swift */,
				7E541D491B068447003D1A99 /* Video.swift */,
				7E541D4F1B068580003D1A99 /* VoiceReq.swift */,
				EB3668011B0A7D2E00046C79 /* Media.swift */,
			);
			name = Media;
			sourceTree = "<group>";
		};
		7E541D441B068403003D1A99 /* Category */ = {
			isa = PBXGroup;
			children = (
				EBB1D86E1B06879D00F8D8B1 /* Category.swift */,
				EBB1D8701B0687A900F8D8B1 /* Gallery.swift */,
				EB4660D81B0BADB100CAD9EE /* Item.swift */,
			);
			name = Category;
			sourceTree = "<group>";
		};
		7E93C7EE1B0FDBF7009994B0 /* Local */ = {
			isa = PBXGroup;
			children = (
			);
			name = Local;
			sourceTree = "<group>";
		};
		7E93C7EF1B0FDC07009994B0 /* Core */ = {
			isa = PBXGroup;
			children = (
				7E93C7F01B0FDC69009994B0 /* ParseCoreManager.swift */,
			);
			name = Core;
			sourceTree = "<group>";
		};
		EB3667FF1B0A4C7B00046C79 /* xib */ = {
			isa = PBXGroup;
			children = (
				EBB1D8481B05347900F8D8B1 /* Main-iPhone.storyboard */,
				EB8C9B201B0E66CF0096F2E3 /* Main-iPad.storyboard */,
				EBB1D86A1B053ECA00F8D8B1 /* GalleryItemView.xib */,
				EBB1D84D1B05347900F8D8B1 /* LaunchScreen.xib */,
				7E93C7F21B0FE19B009994B0 /* NewCategoryView.xib */,
			);
			name = xib;
			sourceTree = "<group>";
		};
		EB3668001B0A5D6400046C79 /* ViewControllers */ = {
			isa = PBXGroup;
			children = (
				7EAB31DF1B0F97C700236B42 /* LoginViewController.swift */,
				EBB1D8441B05347900F8D8B1 /* MainViewController.swift */,
				EB6C4F491B0FA01A00888C89 /* CategoryRenameView.swift */,
				EBB1D8461B05347900F8D8B1 /* SettingsViewController.swift */,
				EB3668081B0A942C00046C79 /* NewCategoryView.swift */,
			);
			name = ViewControllers;
			sourceTree = "<group>";
		};
		EB3668031B0A907700046C79 /* Manager */ = {
			isa = PBXGroup;
			children = (
				7E541D511B0685AF003D1A99 /* ConfigManager.swift */,
				EB3668041B0A90A100046C79 /* CategoryManager.swift */,
			);
			name = Manager;
			sourceTree = "<group>";
		};
		EB4660DA1B0BDE4C00CAD9EE /* Util */ = {
			isa = PBXGroup;
			children = (
				EB4660DB1B0BDE5600CAD9EE /* Stack.swift */,
			);
			name = Util;
			sourceTree = "<group>";
		};
		EBB1D8341B05347900F8D8B1 = {
			isa = PBXGroup;
			children = (
				EBB1D83F1B05347900F8D8B1 /* Mini#3 */,
				EBB1D8571B05347900F8D8B1 /* Mini#3Tests */,
				EBB1D83E1B05347900F8D8B1 /* Products */,
			);
			sourceTree = "<group>";
		};
		EBB1D83E1B05347900F8D8B1 /* Products */ = {
			isa = PBXGroup;
			children = (
				EBB1D83D1B05347900F8D8B1 /* Mini#3.app */,
				EBB1D8541B05347900F8D8B1 /* Mini#3Tests.xctest */,
			);
			name = Products;
			sourceTree = "<group>";
		};
		EBB1D83F1B05347900F8D8B1 /* Mini#3 */ = {
			isa = PBXGroup;
			children = (
				EBB1D8421B05347900F8D8B1 /* AppDelegate.swift */,
				EB4660DA1B0BDE4C00CAD9EE /* Util */,
				7E541D3C1B0682E6003D1A99 /* Parse */,
				EB3668031B0A907700046C79 /* Manager */,
				7E541D3B1B0682E1003D1A99 /* Entidades */,
				7E541D3A1B0682DC003D1A99 /* Views */,
				EBB1D84B1B05347900F8D8B1 /* Images.xcassets */,
				EBB1D8401B05347900F8D8B1 /* Supporting Files */,
			);
			path = "Mini#3";
			sourceTree = "<group>";
		};
		EBB1D8401B05347900F8D8B1 /* Supporting Files */ = {
			isa = PBXGroup;
			children = (
				EBB1D8411B05347900F8D8B1 /* Info.plist */,
			);
			name = "Supporting Files";
			sourceTree = "<group>";
		};
		EBB1D8571B05347900F8D8B1 /* Mini#3Tests */ = {
			isa = PBXGroup;
			children = (
				EBB1D85A1B05347900F8D8B1 /* Mini_3Tests.swift */,
				EBB1D8581B05347900F8D8B1 /* Supporting Files */,
			);
			path = "Mini#3Tests";
			sourceTree = "<group>";
		};
		EBB1D8581B05347900F8D8B1 /* Supporting Files */ = {
			isa = PBXGroup;
			children = (
				EBB1D8591B05347900F8D8B1 /* Info.plist */,
			);
			name = "Supporting Files";
			sourceTree = "<group>";
		};
/* End PBXGroup section */

/* Begin PBXNativeTarget section */
		EBB1D83C1B05347900F8D8B1 /* Mini#3 */ = {
			isa = PBXNativeTarget;
			buildConfigurationList = EBB1D85E1B05347900F8D8B1 /* Build configuration list for PBXNativeTarget "Mini#3" */;
			buildPhases = (
				EBB1D8391B05347900F8D8B1 /* Sources */,
				EBB1D83A1B05347900F8D8B1 /* Frameworks */,
				EBB1D83B1B05347900F8D8B1 /* Resources */,
			);
			buildRules = (
			);
			dependencies = (
			);
			name = "Mini#3";
			productName = "Mini#3";
			productReference = EBB1D83D1B05347900F8D8B1 /* Mini#3.app */;
			productType = "com.apple.product-type.application";
		};
		EBB1D8531B05347900F8D8B1 /* Mini#3Tests */ = {
			isa = PBXNativeTarget;
			buildConfigurationList = EBB1D8611B05347900F8D8B1 /* Build configuration list for PBXNativeTarget "Mini#3Tests" */;
			buildPhases = (
				EBB1D8501B05347900F8D8B1 /* Sources */,
				EBB1D8511B05347900F8D8B1 /* Frameworks */,
				EBB1D8521B05347900F8D8B1 /* Resources */,
			);
			buildRules = (
			);
			dependencies = (
				EBB1D8561B05347900F8D8B1 /* PBXTargetDependency */,
			);
			name = "Mini#3Tests";
			productName = "Mini#3Tests";
			productReference = EBB1D8541B05347900F8D8B1 /* Mini#3Tests.xctest */;
			productType = "com.apple.product-type.bundle.unit-test";
		};
/* End PBXNativeTarget section */

/* Begin PBXProject section */
		EBB1D8351B05347900F8D8B1 /* Project object */ = {
			isa = PBXProject;
			attributes = {
				LastUpgradeCheck = 0630;
				ORGANIZATIONNAME = "Los caras com escritório legal";
				TargetAttributes = {
					EBB1D83C1B05347900F8D8B1 = {
						CreatedOnToolsVersion = 6.3.1;
						DevelopmentTeam = KY9XTC3U67;
						SystemCapabilities = {
							com.apple.DataProtection = {
								enabled = 0;
							};
						};
					};
					EBB1D8531B05347900F8D8B1 = {
						CreatedOnToolsVersion = 6.3.1;
						TestTargetID = EBB1D83C1B05347900F8D8B1;
					};
				};
			};
			buildConfigurationList = EBB1D8381B05347900F8D8B1 /* Build configuration list for PBXProject "Mini#3" */;
			compatibilityVersion = "Xcode 3.2";
			developmentRegion = English;
			hasScannedForEncodings = 0;
			knownRegions = (
				en,
				Base,
			);
			mainGroup = EBB1D8341B05347900F8D8B1;
			productRefGroup = EBB1D83E1B05347900F8D8B1 /* Products */;
			projectDirPath = "";
			projectRoot = "";
			targets = (
				EBB1D83C1B05347900F8D8B1 /* Mini#3 */,
				EBB1D8531B05347900F8D8B1 /* Mini#3Tests */,
			);
		};
/* End PBXProject section */

/* Begin PBXResourcesBuildPhase section */
		EBB1D83B1B05347900F8D8B1 /* Resources */ = {
			isa = PBXResourcesBuildPhase;
			buildActionMask = 2147483647;
			files = (
				EBB1D84A1B05347900F8D8B1 /* Main-iPhone.storyboard in Resources */,
				EBB1D86B1B053ECA00F8D8B1 /* GalleryItemView.xib in Resources */,
				EBB1D84F1B05347900F8D8B1 /* LaunchScreen.xib in Resources */,
				EBB1D84C1B05347900F8D8B1 /* Images.xcassets in Resources */,
				7E93C7F31B0FE19B009994B0 /* NewCategoryView.xib in Resources */,
				EB8C9B211B0E66CF0096F2E3 /* Main-iPad.storyboard in Resources */,
			);
			runOnlyForDeploymentPostprocessing = 0;
		};
		EBB1D8521B05347900F8D8B1 /* Resources */ = {
			isa = PBXResourcesBuildPhase;
			buildActionMask = 2147483647;
			files = (
			);
			runOnlyForDeploymentPostprocessing = 0;
		};
/* End PBXResourcesBuildPhase section */

/* Begin PBXSourcesBuildPhase section */
		EBB1D8391B05347900F8D8B1 /* Sources */ = {
			isa = PBXSourcesBuildPhase;
			buildActionMask = 2147483647;
			files = (
				7EAB31E01B0F97C700236B42 /* LoginViewController.swift in Sources */,
				7E541D481B068430003D1A99 /* Photo.swift in Sources */,
				EB3668091B0A942C00046C79 /* NewCategoryView.swift in Sources */,
				EB3668051B0A90A100046C79 /* CategoryManager.swift in Sources */,
				EB4660DC1B0BDE5600CAD9EE /* Stack.swift in Sources */,
				7E541D3F1B0683B2003D1A99 /* User.swift in Sources */,
				EB4660D91B0BADB100CAD9EE /* Item.swift in Sources */,
				7E93C7F11B0FDC69009994B0 /* ParseCoreManager.swift in Sources */,
				EBB1D8711B0687A900F8D8B1 /* Gallery.swift in Sources */,
				7E541D501B068580003D1A99 /* VoiceReq.swift in Sources */,
				7E541D521B0685AF003D1A99 /* ConfigManager.swift in Sources */,
				EBB1D8471B05347900F8D8B1 /* SettingsViewController.swift in Sources */,
				7E541D461B06841F003D1A99 /* MediaType.swift in Sources */,
				EBB1D8431B05347900F8D8B1 /* AppDelegate.swift in Sources */,
				7E541D4A1B068447003D1A99 /* Video.swift in Sources */,
				7E541D411B0683D3003D1A99 /* Group.swift in Sources */,
				EB3668021B0A7D2E00046C79 /* Media.swift in Sources */,
				EBB1D8451B05347900F8D8B1 /* MainViewController.swift in Sources */,
				EB6C4F4A1B0FA01A00888C89 /* CategoryRenameView.swift in Sources */,
				EBB1D86F1B06879D00F8D8B1 /* Category.swift in Sources */,
			);
			runOnlyForDeploymentPostprocessing = 0;
		};
		EBB1D8501B05347900F8D8B1 /* Sources */ = {
			isa = PBXSourcesBuildPhase;
			buildActionMask = 2147483647;
			files = (
				EBB1D85B1B05347900F8D8B1 /* Mini_3Tests.swift in Sources */,
			);
			runOnlyForDeploymentPostprocessing = 0;
		};
/* End PBXSourcesBuildPhase section */

/* Begin PBXTargetDependency section */
		EBB1D8561B05347900F8D8B1 /* PBXTargetDependency */ = {
			isa = PBXTargetDependency;
			target = EBB1D83C1B05347900F8D8B1 /* Mini#3 */;
			targetProxy = EBB1D8551B05347900F8D8B1 /* PBXContainerItemProxy */;
		};
/* End PBXTargetDependency section */

/* Begin PBXVariantGroup section */
		EBB1D8481B05347900F8D8B1 /* Main-iPhone.storyboard */ = {
			isa = PBXVariantGroup;
			children = (
				EBB1D8491B05347900F8D8B1 /* Base */,
			);
			name = "Main-iPhone.storyboard";
			sourceTree = "<group>";
		};
		EBB1D84D1B05347900F8D8B1 /* LaunchScreen.xib */ = {
			isa = PBXVariantGroup;
			children = (
				EBB1D84E1B05347900F8D8B1 /* Base */,
			);
			name = LaunchScreen.xib;
			sourceTree = "<group>";
		};
/* End PBXVariantGroup section */

/* Begin XCBuildConfiguration section */
		EBB1D85C1B05347900F8D8B1 /* Debug */ = {
			isa = XCBuildConfiguration;
			buildSettings = {
				ALWAYS_SEARCH_USER_PATHS = NO;
				CLANG_CXX_LANGUAGE_STANDARD = "gnu++0x";
				CLANG_CXX_LIBRARY = "libc++";
				CLANG_ENABLE_MODULES = YES;
				CLANG_ENABLE_OBJC_ARC = YES;
				CLANG_WARN_BOOL_CONVERSION = YES;
				CLANG_WARN_CONSTANT_CONVERSION = YES;
				CLANG_WARN_DIRECT_OBJC_ISA_USAGE = YES_ERROR;
				CLANG_WARN_EMPTY_BODY = YES;
				CLANG_WARN_ENUM_CONVERSION = YES;
				CLANG_WARN_INT_CONVERSION = YES;
				CLANG_WARN_OBJC_ROOT_CLASS = YES_ERROR;
				CLANG_WARN_UNREACHABLE_CODE = YES;
				CLANG_WARN__DUPLICATE_METHOD_MATCH = YES;
				"CODE_SIGN_IDENTITY[sdk=iphoneos*]" = "iPhone Developer";
				COPY_PHASE_STRIP = NO;
				DEBUG_INFORMATION_FORMAT = "dwarf-with-dsym";
				ENABLE_STRICT_OBJC_MSGSEND = YES;
				GCC_C_LANGUAGE_STANDARD = gnu99;
				GCC_DYNAMIC_NO_PIC = NO;
				GCC_NO_COMMON_BLOCKS = YES;
				GCC_OPTIMIZATION_LEVEL = 0;
				GCC_PREPROCESSOR_DEFINITIONS = (
					"DEBUG=1",
					"$(inherited)",
				);
				GCC_SYMBOLS_PRIVATE_EXTERN = NO;
				GCC_WARN_64_TO_32_BIT_CONVERSION = YES;
				GCC_WARN_ABOUT_RETURN_TYPE = YES_ERROR;
				GCC_WARN_UNDECLARED_SELECTOR = YES;
				GCC_WARN_UNINITIALIZED_AUTOS = YES_AGGRESSIVE;
				GCC_WARN_UNUSED_FUNCTION = YES;
				GCC_WARN_UNUSED_VARIABLE = YES;
				IPHONEOS_DEPLOYMENT_TARGET = 8.3;
				MTL_ENABLE_DEBUG_INFO = YES;
				ONLY_ACTIVE_ARCH = YES;
				SDKROOT = iphoneos;
				SWIFT_OPTIMIZATION_LEVEL = "-Onone";
				TARGETED_DEVICE_FAMILY = "1,2";
			};
			name = Debug;
		};
		EBB1D85D1B05347900F8D8B1 /* Release */ = {
			isa = XCBuildConfiguration;
			buildSettings = {
				ALWAYS_SEARCH_USER_PATHS = NO;
				CLANG_CXX_LANGUAGE_STANDARD = "gnu++0x";
				CLANG_CXX_LIBRARY = "libc++";
				CLANG_ENABLE_MODULES = YES;
				CLANG_ENABLE_OBJC_ARC = YES;
				CLANG_WARN_BOOL_CONVERSION = YES;
				CLANG_WARN_CONSTANT_CONVERSION = YES;
				CLANG_WARN_DIRECT_OBJC_ISA_USAGE = YES_ERROR;
				CLANG_WARN_EMPTY_BODY = YES;
				CLANG_WARN_ENUM_CONVERSION = YES;
				CLANG_WARN_INT_CONVERSION = YES;
				CLANG_WARN_OBJC_ROOT_CLASS = YES_ERROR;
				CLANG_WARN_UNREACHABLE_CODE = YES;
				CLANG_WARN__DUPLICATE_METHOD_MATCH = YES;
				"CODE_SIGN_IDENTITY[sdk=iphoneos*]" = "iPhone Developer";
				COPY_PHASE_STRIP = NO;
				DEBUG_INFORMATION_FORMAT = "dwarf-with-dsym";
				ENABLE_NS_ASSERTIONS = NO;
				ENABLE_STRICT_OBJC_MSGSEND = YES;
				GCC_C_LANGUAGE_STANDARD = gnu99;
				GCC_NO_COMMON_BLOCKS = YES;
				GCC_WARN_64_TO_32_BIT_CONVERSION = YES;
				GCC_WARN_ABOUT_RETURN_TYPE = YES_ERROR;
				GCC_WARN_UNDECLARED_SELECTOR = YES;
				GCC_WARN_UNINITIALIZED_AUTOS = YES_AGGRESSIVE;
				GCC_WARN_UNUSED_FUNCTION = YES;
				GCC_WARN_UNUSED_VARIABLE = YES;
				IPHONEOS_DEPLOYMENT_TARGET = 8.3;
				MTL_ENABLE_DEBUG_INFO = NO;
				SDKROOT = iphoneos;
				TARGETED_DEVICE_FAMILY = "1,2";
				VALIDATE_PRODUCT = YES;
			};
			name = Release;
		};
		EBB1D85F1B05347900F8D8B1 /* Debug */ = {
			isa = XCBuildConfiguration;
			buildSettings = {
				ASSETCATALOG_COMPILER_APPICON_NAME = AppIcon;
				CODE_SIGN_IDENTITY = "iPhone Developer";
				"CODE_SIGN_IDENTITY[sdk=iphoneos*]" = "iPhone Developer";
				INFOPLIST_FILE = "Mini#3/Info.plist";
				LD_RUNPATH_SEARCH_PATHS = "$(inherited) @executable_path/Frameworks";
				PRODUCT_NAME = "$(TARGET_NAME)";
				PROVISIONING_PROFILE = "";
				TARGETED_DEVICE_FAMILY = "1,2";
			};
			name = Debug;
		};
		EBB1D8601B05347900F8D8B1 /* Release */ = {
			isa = XCBuildConfiguration;
			buildSettings = {
				ASSETCATALOG_COMPILER_APPICON_NAME = AppIcon;
				CODE_SIGN_IDENTITY = "iPhone Developer";
				"CODE_SIGN_IDENTITY[sdk=iphoneos*]" = "iPhone Developer";
				INFOPLIST_FILE = "Mini#3/Info.plist";
				LD_RUNPATH_SEARCH_PATHS = "$(inherited) @executable_path/Frameworks";
				PRODUCT_NAME = "$(TARGET_NAME)";
				PROVISIONING_PROFILE = "";
				TARGETED_DEVICE_FAMILY = "1,2";
			};
			name = Release;
		};
		EBB1D8621B05347900F8D8B1 /* Debug */ = {
			isa = XCBuildConfiguration;
			buildSettings = {
				BUNDLE_LOADER = "$(TEST_HOST)";
				FRAMEWORK_SEARCH_PATHS = (
					"$(SDKROOT)/Developer/Library/Frameworks",
					"$(inherited)",
				);
				GCC_PREPROCESSOR_DEFINITIONS = (
					"DEBUG=1",
					"$(inherited)",
				);
				INFOPLIST_FILE = "Mini#3Tests/Info.plist";
				LD_RUNPATH_SEARCH_PATHS = "$(inherited) @executable_path/Frameworks @loader_path/Frameworks";
				PRODUCT_NAME = "$(TARGET_NAME)";
				TEST_HOST = "$(BUILT_PRODUCTS_DIR)/Mini#3.app/Mini#3";
			};
			name = Debug;
		};
		EBB1D8631B05347900F8D8B1 /* Release */ = {
			isa = XCBuildConfiguration;
			buildSettings = {
				BUNDLE_LOADER = "$(TEST_HOST)";
				FRAMEWORK_SEARCH_PATHS = (
					"$(SDKROOT)/Developer/Library/Frameworks",
					"$(inherited)",
				);
				INFOPLIST_FILE = "Mini#3Tests/Info.plist";
				LD_RUNPATH_SEARCH_PATHS = "$(inherited) @executable_path/Frameworks @loader_path/Frameworks";
				PRODUCT_NAME = "$(TARGET_NAME)";
				TEST_HOST = "$(BUILT_PRODUCTS_DIR)/Mini#3.app/Mini#3";
			};
			name = Release;
		};
/* End XCBuildConfiguration section */

/* Begin XCConfigurationList section */
		EBB1D8381B05347900F8D8B1 /* Build configuration list for PBXProject "Mini#3" */ = {
			isa = XCConfigurationList;
			buildConfigurations = (
				EBB1D85C1B05347900F8D8B1 /* Debug */,
				EBB1D85D1B05347900F8D8B1 /* Release */,
			);
			defaultConfigurationIsVisible = 0;
			defaultConfigurationName = Release;
		};
		EBB1D85E1B05347900F8D8B1 /* Build configuration list for PBXNativeTarget "Mini#3" */ = {
			isa = XCConfigurationList;
			buildConfigurations = (
				EBB1D85F1B05347900F8D8B1 /* Debug */,
				EBB1D8601B05347900F8D8B1 /* Release */,
			);
			defaultConfigurationIsVisible = 0;
			defaultConfigurationName = Release;
		};
		EBB1D8611B05347900F8D8B1 /* Build configuration list for PBXNativeTarget "Mini#3Tests" */ = {
			isa = XCConfigurationList;
			buildConfigurations = (
				EBB1D8621B05347900F8D8B1 /* Debug */,
				EBB1D8631B05347900F8D8B1 /* Release */,
			);
			defaultConfigurationIsVisible = 0;
			defaultConfigurationName = Release;
		};
/* End XCConfigurationList section */
	};
	rootObject = EBB1D8351B05347900F8D8B1 /* Project object */;
}
