// !$*UTF8*$!
{
	archiveVersion = 1;
	classes = {
	};
	objectVersion = 46;
	objects = {

/* Begin PBXBuildFile section */
		7EA2B3F31B137D1F0048C06D /* libz.dylib in Frameworks */ = {isa = PBXBuildFile; fileRef = 7EA2B3F21B137D1F0048C06D /* libz.dylib */; };
		7EA2B3F51B137D280048C06D /* libsqlite3.dylib in Frameworks */ = {isa = PBXBuildFile; fileRef = 7EA2B3F41B137D280048C06D /* libsqlite3.dylib */; };
		7EA2B3F71B137D310048C06D /* libstdc++.dylib in Frameworks */ = {isa = PBXBuildFile; fileRef = 7EA2B3F61B137D310048C06D /* libstdc++.dylib */; };
		7EA2B4081B137DA30048C06D /* Bolts.framework in Frameworks */ = {isa = PBXBuildFile; fileRef = 7EA2B4021B137DA30048C06D /* Bolts.framework */; };
		7EA2B4091B137DA30048C06D /* Parse.framework in Frameworks */ = {isa = PBXBuildFile; fileRef = 7EA2B4031B137DA30048C06D /* Parse.framework */; };
		7EA2B40A1B137DA30048C06D /* ParseCrashReporting.framework in Frameworks */ = {isa = PBXBuildFile; fileRef = 7EA2B4041B137DA30048C06D /* ParseCrashReporting.framework */; };
		7EA2B40B1B137DA30048C06D /* ParseFacebookUtils.framework in Frameworks */ = {isa = PBXBuildFile; fileRef = 7EA2B4051B137DA30048C06D /* ParseFacebookUtils.framework */; };
		7EA2B40C1B137DA30048C06D /* ParseFacebookUtilsV4.framework in Frameworks */ = {isa = PBXBuildFile; fileRef = 7EA2B4061B137DA30048C06D /* ParseFacebookUtilsV4.framework */; };
		7EA2B40D1B137DA30048C06D /* ParseUI.framework in Frameworks */ = {isa = PBXBuildFile; fileRef = 7EA2B4071B137DA30048C06D /* ParseUI.framework */; };
		7EA2B40F1B137DCB0048C06D /* AudioToolbox.framework in Frameworks */ = {isa = PBXBuildFile; fileRef = 7EA2B40E1B137DCB0048C06D /* AudioToolbox.framework */; };
		7EA2B4131B137DDA0048C06D /* MobileCoreServices.framework in Frameworks */ = {isa = PBXBuildFile; fileRef = 7EA2B4121B137DDA0048C06D /* MobileCoreServices.framework */; };
		7EA2B4221B13904F0048C06D /* Images.xcassets in Resources */ = {isa = PBXBuildFile; fileRef = 7EA2B41A1B13904F0048C06D /* Images.xcassets */; };
		7EA2B4501B13935E0048C06D /* LaunchScreen.xib in Resources */ = {isa = PBXBuildFile; fileRef = 7EA2B42B1B13935E0048C06D /* LaunchScreen.xib */; };
		7EA2B4511B13935E0048C06D /* Main-iPad.storyboard in Resources */ = {isa = PBXBuildFile; fileRef = 7EA2B42D1B13935E0048C06D /* Main-iPad.storyboard */; };
		7EA2B4521B13935E0048C06D /* Main-iPhone.storyboard in Resources */ = {isa = PBXBuildFile; fileRef = 7EA2B42F1B13935E0048C06D /* Main-iPhone.storyboard */; };
		7EA2B4531B13935E0048C06D /* Category.swift in Sources */ = {isa = PBXBuildFile; fileRef = 7EA2B4331B13935E0048C06D /* Category.swift */; };
		7EA2B4541B13935E0048C06D /* Gallery.swift in Sources */ = {isa = PBXBuildFile; fileRef = 7EA2B4341B13935E0048C06D /* Gallery.swift */; };
		7EA2B4551B13935E0048C06D /* Item.swift in Sources */ = {isa = PBXBuildFile; fileRef = 7EA2B4351B13935E0048C06D /* Item.swift */; };
		7EA2B4561B13935E0048C06D /* Media.swift in Sources */ = {isa = PBXBuildFile; fileRef = 7EA2B4371B13935E0048C06D /* Media.swift */; };
		7EA2B4571B13935E0048C06D /* MediaType.swift in Sources */ = {isa = PBXBuildFile; fileRef = 7EA2B4381B13935E0048C06D /* MediaType.swift */; };
		7EA2B4581B13935E0048C06D /* Photo.swift in Sources */ = {isa = PBXBuildFile; fileRef = 7EA2B4391B13935E0048C06D /* Photo.swift */; };
		7EA2B4591B13935E0048C06D /* Video.swift in Sources */ = {isa = PBXBuildFile; fileRef = 7EA2B43A1B13935E0048C06D /* Video.swift */; };
		7EA2B45A1B13935E0048C06D /* VoiceReq.swift in Sources */ = {isa = PBXBuildFile; fileRef = 7EA2B43B1B13935E0048C06D /* VoiceReq.swift */; };
		7EA2B45B1B13935E0048C06D /* Group.swift in Sources */ = {isa = PBXBuildFile; fileRef = 7EA2B43D1B13935E0048C06D /* Group.swift */; };
		7EA2B45C1B13935E0048C06D /* User.swift in Sources */ = {isa = PBXBuildFile; fileRef = 7EA2B43E1B13935E0048C06D /* User.swift */; };
		7EA2B45D1B13935E0048C06D /* CategoryManager.swift in Sources */ = {isa = PBXBuildFile; fileRef = 7EA2B4401B13935E0048C06D /* CategoryManager.swift */; };
		7EA2B45E1B13935E0048C06D /* ConfigManager.swift in Sources */ = {isa = PBXBuildFile; fileRef = 7EA2B4411B13935E0048C06D /* ConfigManager.swift */; };
		7EA2B45F1B13935E0048C06D /* ParseCoreManager.swift in Sources */ = {isa = PBXBuildFile; fileRef = 7EA2B4441B13935E0048C06D /* ParseCoreManager.swift */; };
		7EA2B4601B13935E0048C06D /* Stack.swift in Sources */ = {isa = PBXBuildFile; fileRef = 7EA2B4461B13935E0048C06D /* Stack.swift */; };
		7EA2B4611B13935E0048C06D /* EditItemView.swift in Sources */ = {isa = PBXBuildFile; fileRef = 7EA2B4491B13935E0048C06D /* EditItemView.swift */; };
		7EA2B4621B13935E0048C06D /* EditItemView.xib in Resources */ = {isa = PBXBuildFile; fileRef = 7EA2B44A1B13935E0048C06D /* EditItemView.xib */; };
		7EA2B4641B13935E0048C06D /* LoginViewController.swift in Sources */ = {isa = PBXBuildFile; fileRef = 7EA2B44D1B13935E0048C06D /* LoginViewController.swift */; };
		7EA2B4651B13935E0048C06D /* MainViewController.swift in Sources */ = {isa = PBXBuildFile; fileRef = 7EA2B44E1B13935E0048C06D /* MainViewController.swift */; };
		7EA2B4661B13935E0048C06D /* SettingsViewController.swift in Sources */ = {isa = PBXBuildFile; fileRef = 7EA2B44F1B13935E0048C06D /* SettingsViewController.swift */; };
		E8D8B3D91B163ED000D138A1 /* Settings.bundle in Resources */ = {isa = PBXBuildFile; fileRef = E8D8B3D81B163ED000D138A1 /* Settings.bundle */; };
		EB516A441B13957D00F5FDE1 /* DispatchQueueType.swift in Sources */ = {isa = PBXBuildFile; fileRef = EB516A431B13957D00F5FDE1 /* DispatchQueueType.swift */; };
		EB516A4B1B14DFE700F5FDE1 /* GalleryManager.swift in Sources */ = {isa = PBXBuildFile; fileRef = EB516A4A1B14DFE700F5FDE1 /* GalleryManager.swift */; };
		EB516A4E1B14E05600F5FDE1 /* ViewPhoto.swift in Sources */ = {isa = PBXBuildFile; fileRef = EB516A4D1B14E05600F5FDE1 /* ViewPhoto.swift */; };
		EB516A501B14E09000F5FDE1 /* PhotoCell.swift in Sources */ = {isa = PBXBuildFile; fileRef = EB516A4F1B14E09000F5FDE1 /* PhotoCell.swift */; };
		EB516A521B14E4B400F5FDE1 /* GalleryViewController.swift in Sources */ = {isa = PBXBuildFile; fileRef = EB516A511B14E4B400F5FDE1 /* GalleryViewController.swift */; };
		EB516A541B15163200F5FDE1 /* NetworkChecker.swift in Sources */ = {isa = PBXBuildFile; fileRef = EB516A531B15163200F5FDE1 /* NetworkChecker.swift */; };
		EB516A551B1516CE00F5FDE1 /* SystemConfiguration.framework in Frameworks */ = {isa = PBXBuildFile; fileRef = 7EA2B4101B137DD40048C06D /* SystemConfiguration.framework */; };
		EBB1D8431B05347900F8D8B1 /* AppDelegate.swift in Sources */ = {isa = PBXBuildFile; fileRef = EBB1D8421B05347900F8D8B1 /* AppDelegate.swift */; };
		EBB1D85B1B05347900F8D8B1 /* Mini_3Tests.swift in Sources */ = {isa = PBXBuildFile; fileRef = EBB1D85A1B05347900F8D8B1 /* Mini_3Tests.swift */; };
/* End PBXBuildFile section */

/* Begin PBXContainerItemProxy section */
		EBB1D8551B05347900F8D8B1 /* PBXContainerItemProxy */ = {
			isa = PBXContainerItemProxy;
			containerPortal = EBB1D8351B05347900F8D8B1 /* Project object */;
			proxyType = 1;
			remoteGlobalIDString = EBB1D83C1B05347900F8D8B1;
			remoteInfo = "Mini#3";
		};
/* End PBXContainerItemProxy section */

/* Begin PBXFileReference section */
		7EA2B3F21B137D1F0048C06D /* libz.dylib */ = {isa = PBXFileReference; lastKnownFileType = "compiled.mach-o.dylib"; name = libz.dylib; path = usr/lib/libz.dylib; sourceTree = SDKROOT; };
		7EA2B3F41B137D280048C06D /* libsqlite3.dylib */ = {isa = PBXFileReference; lastKnownFileType = "compiled.mach-o.dylib"; name = libsqlite3.dylib; path = usr/lib/libsqlite3.dylib; sourceTree = SDKROOT; };
		7EA2B3F61B137D310048C06D /* libstdc++.dylib */ = {isa = PBXFileReference; lastKnownFileType = "compiled.mach-o.dylib"; name = "libstdc++.dylib"; path = "usr/lib/libstdc++.dylib"; sourceTree = SDKROOT; };
		7EA2B4021B137DA30048C06D /* Bolts.framework */ = {isa = PBXFileReference; lastKnownFileType = wrapper.framework; name = Bolts.framework; path = "Mini#3/Frameworks/Bolts.framework"; sourceTree = "<group>"; };
		7EA2B4031B137DA30048C06D /* Parse.framework */ = {isa = PBXFileReference; lastKnownFileType = wrapper.framework; name = Parse.framework; path = "Mini#3/Frameworks/Parse.framework"; sourceTree = "<group>"; };
		7EA2B4041B137DA30048C06D /* ParseCrashReporting.framework */ = {isa = PBXFileReference; lastKnownFileType = wrapper.framework; name = ParseCrashReporting.framework; path = "Mini#3/Frameworks/ParseCrashReporting.framework"; sourceTree = "<group>"; };
		7EA2B4051B137DA30048C06D /* ParseFacebookUtils.framework */ = {isa = PBXFileReference; lastKnownFileType = wrapper.framework; name = ParseFacebookUtils.framework; path = "Mini#3/Frameworks/ParseFacebookUtils.framework"; sourceTree = "<group>"; };
		7EA2B4061B137DA30048C06D /* ParseFacebookUtilsV4.framework */ = {isa = PBXFileReference; lastKnownFileType = wrapper.framework; name = ParseFacebookUtilsV4.framework; path = "Mini#3/Frameworks/ParseFacebookUtilsV4.framework"; sourceTree = "<group>"; };
		7EA2B4071B137DA30048C06D /* ParseUI.framework */ = {isa = PBXFileReference; lastKnownFileType = wrapper.framework; name = ParseUI.framework; path = "Mini#3/Frameworks/ParseUI.framework"; sourceTree = "<group>"; };
		7EA2B40E1B137DCB0048C06D /* AudioToolbox.framework */ = {isa = PBXFileReference; lastKnownFileType = wrapper.framework; name = AudioToolbox.framework; path = System/Library/Frameworks/AudioToolbox.framework; sourceTree = SDKROOT; };
		7EA2B4101B137DD40048C06D /* SystemConfiguration.framework */ = {isa = PBXFileReference; lastKnownFileType = wrapper.framework; name = SystemConfiguration.framework; path = System/Library/Frameworks/SystemConfiguration.framework; sourceTree = SDKROOT; };
		7EA2B4121B137DDA0048C06D /* MobileCoreServices.framework */ = {isa = PBXFileReference; lastKnownFileType = wrapper.framework; name = MobileCoreServices.framework; path = System/Library/Frameworks/MobileCoreServices.framework; sourceTree = SDKROOT; };
		7EA2B41A1B13904F0048C06D /* Images.xcassets */ = {isa = PBXFileReference; lastKnownFileType = folder.assetcatalog; path = Images.xcassets; sourceTree = "<group>"; };
		7EA2B42C1B13935E0048C06D /* Base */ = {isa = PBXFileReference; lastKnownFileType = file.xib; name = Base; path = LaunchScreen.xib; sourceTree = "<group>"; };
		7EA2B42E1B13935E0048C06D /* Base */ = {isa = PBXFileReference; lastKnownFileType = file.storyboard; name = Base; path = "Main-iPad.storyboard"; sourceTree = "<group>"; };
		7EA2B4301B13935E0048C06D /* Base */ = {isa = PBXFileReference; lastKnownFileType = file.storyboard; name = Base; path = "Main-iPhone.storyboard"; sourceTree = "<group>"; };
		7EA2B4331B13935E0048C06D /* Category.swift */ = {isa = PBXFileReference; fileEncoding = 4; lastKnownFileType = sourcecode.swift; path = Category.swift; sourceTree = "<group>"; };
		7EA2B4341B13935E0048C06D /* Gallery.swift */ = {isa = PBXFileReference; fileEncoding = 4; lastKnownFileType = sourcecode.swift; path = Gallery.swift; sourceTree = "<group>"; };
		7EA2B4351B13935E0048C06D /* Item.swift */ = {isa = PBXFileReference; fileEncoding = 4; lastKnownFileType = sourcecode.swift; path = Item.swift; sourceTree = "<group>"; };
		7EA2B4371B13935E0048C06D /* Media.swift */ = {isa = PBXFileReference; fileEncoding = 4; lastKnownFileType = sourcecode.swift; path = Media.swift; sourceTree = "<group>"; };
		7EA2B4381B13935E0048C06D /* MediaType.swift */ = {isa = PBXFileReference; fileEncoding = 4; lastKnownFileType = sourcecode.swift; path = MediaType.swift; sourceTree = "<group>"; };
		7EA2B4391B13935E0048C06D /* Photo.swift */ = {isa = PBXFileReference; fileEncoding = 4; lastKnownFileType = sourcecode.swift; path = Photo.swift; sourceTree = "<group>"; };
		7EA2B43A1B13935E0048C06D /* Video.swift */ = {isa = PBXFileReference; fileEncoding = 4; lastKnownFileType = sourcecode.swift; path = Video.swift; sourceTree = "<group>"; };
		7EA2B43B1B13935E0048C06D /* VoiceReq.swift */ = {isa = PBXFileReference; fileEncoding = 4; lastKnownFileType = sourcecode.swift; path = VoiceReq.swift; sourceTree = "<group>"; };
		7EA2B43D1B13935E0048C06D /* Group.swift */ = {isa = PBXFileReference; fileEncoding = 4; lastKnownFileType = sourcecode.swift; path = Group.swift; sourceTree = "<group>"; };
		7EA2B43E1B13935E0048C06D /* User.swift */ = {isa = PBXFileReference; fileEncoding = 4; lastKnownFileType = sourcecode.swift; path = User.swift; sourceTree = "<group>"; };
		7EA2B4401B13935E0048C06D /* CategoryManager.swift */ = {isa = PBXFileReference; fileEncoding = 4; lastKnownFileType = sourcecode.swift; path = CategoryManager.swift; sourceTree = "<group>"; };
		7EA2B4411B13935E0048C06D /* ConfigManager.swift */ = {isa = PBXFileReference; fileEncoding = 4; lastKnownFileType = sourcecode.swift; path = ConfigManager.swift; sourceTree = "<group>"; };
		7EA2B4441B13935E0048C06D /* ParseCoreManager.swift */ = {isa = PBXFileReference; fileEncoding = 4; lastKnownFileType = sourcecode.swift; path = ParseCoreManager.swift; sourceTree = "<group>"; };
		7EA2B4461B13935E0048C06D /* Stack.swift */ = {isa = PBXFileReference; fileEncoding = 4; lastKnownFileType = sourcecode.swift; path = Stack.swift; sourceTree = "<group>"; };
		7EA2B4491B13935E0048C06D /* EditItemView.swift */ = {isa = PBXFileReference; fileEncoding = 4; lastKnownFileType = sourcecode.swift; path = EditItemView.swift; sourceTree = "<group>"; };
		7EA2B44A1B13935E0048C06D /* EditItemView.xib */ = {isa = PBXFileReference; fileEncoding = 4; lastKnownFileType = file.xib; path = EditItemView.xib; sourceTree = "<group>"; };
		7EA2B44D1B13935E0048C06D /* LoginViewController.swift */ = {isa = PBXFileReference; fileEncoding = 4; lastKnownFileType = sourcecode.swift; path = LoginViewController.swift; sourceTree = "<group>"; };
		7EA2B44E1B13935E0048C06D /* MainViewController.swift */ = {isa = PBXFileReference; fileEncoding = 4; lastKnownFileType = sourcecode.swift; path = MainViewController.swift; sourceTree = "<group>"; };
		7EA2B44F1B13935E0048C06D /* SettingsViewController.swift */ = {isa = PBXFileReference; fileEncoding = 4; lastKnownFileType = sourcecode.swift; path = SettingsViewController.swift; sourceTree = "<group>"; };
		E8D8B3D81B163ED000D138A1 /* Settings.bundle */ = {isa = PBXFileReference; lastKnownFileType = "wrapper.plug-in"; path = Settings.bundle; sourceTree = "<group>"; };
		E8F514F41B162D0800D17818 /* Mini#3-Bridging-Header.h */ = {isa = PBXFileReference; lastKnownFileType = sourcecode.c.h; path = "Mini#3-Bridging-Header.h"; sourceTree = "<group>"; };
		EB516A431B13957D00F5FDE1 /* DispatchQueueType.swift */ = {isa = PBXFileReference; fileEncoding = 4; lastKnownFileType = sourcecode.swift; path = DispatchQueueType.swift; sourceTree = "<group>"; };
		EB516A4A1B14DFE700F5FDE1 /* GalleryManager.swift */ = {isa = PBXFileReference; fileEncoding = 4; lastKnownFileType = sourcecode.swift; path = GalleryManager.swift; sourceTree = "<group>"; };
		EB516A4D1B14E05600F5FDE1 /* ViewPhoto.swift */ = {isa = PBXFileReference; fileEncoding = 4; lastKnownFileType = sourcecode.swift; path = ViewPhoto.swift; sourceTree = "<group>"; };
		EB516A4F1B14E09000F5FDE1 /* PhotoCell.swift */ = {isa = PBXFileReference; fileEncoding = 4; lastKnownFileType = sourcecode.swift; path = PhotoCell.swift; sourceTree = "<group>"; };
		EB516A511B14E4B400F5FDE1 /* GalleryViewController.swift */ = {isa = PBXFileReference; fileEncoding = 4; lastKnownFileType = sourcecode.swift; path = GalleryViewController.swift; sourceTree = "<group>"; };
		EB516A531B15163200F5FDE1 /* NetworkChecker.swift */ = {isa = PBXFileReference; fileEncoding = 4; lastKnownFileType = sourcecode.swift; path = NetworkChecker.swift; sourceTree = "<group>"; };
		EBB1D83D1B05347900F8D8B1 /* Mini#3.app */ = {isa = PBXFileReference; explicitFileType = wrapper.application; includeInIndex = 0; path = "Mini#3.app"; sourceTree = BUILT_PRODUCTS_DIR; };
		EBB1D8411B05347900F8D8B1 /* Info.plist */ = {isa = PBXFileReference; lastKnownFileType = text.plist.xml; path = Info.plist; sourceTree = "<group>"; };
		EBB1D8421B05347900F8D8B1 /* AppDelegate.swift */ = {isa = PBXFileReference; lastKnownFileType = sourcecode.swift; path = AppDelegate.swift; sourceTree = "<group>"; };
		EBB1D8541B05347900F8D8B1 /* Mini#3Tests.xctest */ = {isa = PBXFileReference; explicitFileType = wrapper.cfbundle; includeInIndex = 0; path = "Mini#3Tests.xctest"; sourceTree = BUILT_PRODUCTS_DIR; };
		EBB1D8591B05347900F8D8B1 /* Info.plist */ = {isa = PBXFileReference; lastKnownFileType = text.plist.xml; path = Info.plist; sourceTree = "<group>"; };
		EBB1D85A1B05347900F8D8B1 /* Mini_3Tests.swift */ = {isa = PBXFileReference; lastKnownFileType = sourcecode.swift; path = Mini_3Tests.swift; sourceTree = "<group>"; };
/* End PBXFileReference section */

/* Begin PBXFrameworksBuildPhase section */
		EBB1D83A1B05347900F8D8B1 /* Frameworks */ = {
			isa = PBXFrameworksBuildPhase;
			buildActionMask = 2147483647;
			files = (
				EB516A551B1516CE00F5FDE1 /* SystemConfiguration.framework in Frameworks */,
				7EA2B4131B137DDA0048C06D /* MobileCoreServices.framework in Frameworks */,
				7EA2B40F1B137DCB0048C06D /* AudioToolbox.framework in Frameworks */,
				7EA2B40D1B137DA30048C06D /* ParseUI.framework in Frameworks */,
				7EA2B40B1B137DA30048C06D /* ParseFacebookUtils.framework in Frameworks */,
				7EA2B3F71B137D310048C06D /* libstdc++.dylib in Frameworks */,
				7EA2B40C1B137DA30048C06D /* ParseFacebookUtilsV4.framework in Frameworks */,
				7EA2B40A1B137DA30048C06D /* ParseCrashReporting.framework in Frameworks */,
				7EA2B3F51B137D280048C06D /* libsqlite3.dylib in Frameworks */,
				7EA2B3F31B137D1F0048C06D /* libz.dylib in Frameworks */,
				7EA2B4081B137DA30048C06D /* Bolts.framework in Frameworks */,
				7EA2B4091B137DA30048C06D /* Parse.framework in Frameworks */,
			);
			runOnlyForDeploymentPostprocessing = 0;
		};
		EBB1D8511B05347900F8D8B1 /* Frameworks */ = {
			isa = PBXFrameworksBuildPhase;
			buildActionMask = 2147483647;
			files = (
			);
			runOnlyForDeploymentPostprocessing = 0;
		};
/* End PBXFrameworksBuildPhase section */

/* Begin PBXGroup section */
		7EA2B4141B137E140048C06D /* Frameworks */ = {
			isa = PBXGroup;
			children = (
				7EA2B4121B137DDA0048C06D /* MobileCoreServices.framework */,
				7EA2B4101B137DD40048C06D /* SystemConfiguration.framework */,
				7EA2B40E1B137DCB0048C06D /* AudioToolbox.framework */,
				7EA2B3F61B137D310048C06D /* libstdc++.dylib */,
				7EA2B3F41B137D280048C06D /* libsqlite3.dylib */,
				7EA2B3F21B137D1F0048C06D /* libz.dylib */,
				7EA2B4021B137DA30048C06D /* Bolts.framework */,
				7EA2B4031B137DA30048C06D /* Parse.framework */,
				7EA2B4041B137DA30048C06D /* ParseCrashReporting.framework */,
				7EA2B4051B137DA30048C06D /* ParseFacebookUtils.framework */,
				7EA2B4061B137DA30048C06D /* ParseFacebookUtilsV4.framework */,
				7EA2B4071B137DA30048C06D /* ParseUI.framework */,
			);
			name = Frameworks;
			sourceTree = "<group>";
		};
		7EA2B42A1B13935E0048C06D /* Base.lproj */ = {
			isa = PBXGroup;
			children = (
				7EA2B42B1B13935E0048C06D /* LaunchScreen.xib */,
				7EA2B42D1B13935E0048C06D /* Main-iPad.storyboard */,
				7EA2B42F1B13935E0048C06D /* Main-iPhone.storyboard */,
			);
			path = Base.lproj;
			sourceTree = "<group>";
		};
		7EA2B4311B13935E0048C06D /* Entities */ = {
			isa = PBXGroup;
			children = (
				EB516A4C1B14E02C00F5FDE1 /* Gallery */,
				7EA2B4321B13935E0048C06D /* Category */,
				7EA2B4361B13935E0048C06D /* Media */,
				7EA2B43C1B13935E0048C06D /* User */,
			);
			path = Entities;
			sourceTree = "<group>";
		};
		7EA2B4321B13935E0048C06D /* Category */ = {
			isa = PBXGroup;
			children = (
				7EA2B4331B13935E0048C06D /* Category.swift */,
				7EA2B4341B13935E0048C06D /* Gallery.swift */,
				7EA2B4351B13935E0048C06D /* Item.swift */,
			);
			path = Category;
			sourceTree = "<group>";
		};
		7EA2B4361B13935E0048C06D /* Media */ = {
			isa = PBXGroup;
			children = (
				7EA2B4371B13935E0048C06D /* Media.swift */,
				7EA2B4381B13935E0048C06D /* MediaType.swift */,
				7EA2B4391B13935E0048C06D /* Photo.swift */,
				7EA2B43A1B13935E0048C06D /* Video.swift */,
				7EA2B43B1B13935E0048C06D /* VoiceReq.swift */,
			);
			path = Media;
			sourceTree = "<group>";
		};
		7EA2B43C1B13935E0048C06D /* User */ = {
			isa = PBXGroup;
			children = (
				7EA2B43D1B13935E0048C06D /* Group.swift */,
				7EA2B43E1B13935E0048C06D /* User.swift */,
			);
			path = User;
			sourceTree = "<group>";
		};
		7EA2B43F1B13935E0048C06D /* Manager */ = {
			isa = PBXGroup;
			children = (
				7EA2B4401B13935E0048C06D /* CategoryManager.swift */,
				7EA2B4411B13935E0048C06D /* ConfigManager.swift */,
				EB516A4A1B14DFE700F5FDE1 /* GalleryManager.swift */,
			);
			path = Manager;
			sourceTree = "<group>";
		};
		7EA2B4421B13935E0048C06D /* Parse */ = {
			isa = PBXGroup;
			children = (
				7EA2B4441B13935E0048C06D /* ParseCoreManager.swift */,
			);
			path = Parse;
			sourceTree = "<group>";
		};
		7EA2B4451B13935E0048C06D /* Utilities */ = {
			isa = PBXGroup;
			children = (
				E8F514F41B162D0800D17818 /* Mini#3-Bridging-Header.h */,
				7EA2B4461B13935E0048C06D /* Stack.swift */,
				EB516A431B13957D00F5FDE1 /* DispatchQueueType.swift */,
				EB516A531B15163200F5FDE1 /* NetworkChecker.swift */,
			);
			path = Utilities;
			sourceTree = "<group>";
		};
		7EA2B4471B13935E0048C06D /* Views */ = {
			isa = PBXGroup;
			children = (
				7EA2B4481B13935E0048C06D /* NewItemView */,
				7EA2B44B1B13935E0048C06D /* ViewControllers */,
			);
			path = Views;
			sourceTree = "<group>";
		};
		7EA2B4481B13935E0048C06D /* NewItemView */ = {
			isa = PBXGroup;
			children = (
				7EA2B4491B13935E0048C06D /* EditItemView.swift */,
				7EA2B44A1B13935E0048C06D /* EditItemView.xib */,
			);
			name = NewItemView;
			path = NewCategoryView;
			sourceTree = "<group>";
		};
		7EA2B44B1B13935E0048C06D /* ViewControllers */ = {
			isa = PBXGroup;
			children = (
				7EA2B44D1B13935E0048C06D /* LoginViewController.swift */,
				7EA2B44E1B13935E0048C06D /* MainViewController.swift */,
				7EA2B44F1B13935E0048C06D /* SettingsViewController.swift */,
			);
			path = ViewControllers;
			sourceTree = "<group>";
		};
		EB516A4C1B14E02C00F5FDE1 /* Gallery */ = {
			isa = PBXGroup;
			children = (
				EB516A4D1B14E05600F5FDE1 /* ViewPhoto.swift */,
				EB516A4F1B14E09000F5FDE1 /* PhotoCell.swift */,
				EB516A511B14E4B400F5FDE1 /* GalleryViewController.swift */,
			);
			name = Gallery;
			sourceTree = "<group>";
		};
		EBB1D8341B05347900F8D8B1 = {
			isa = PBXGroup;
			children = (
				E8D8B3D81B163ED000D138A1 /* Settings.bundle */,
				7EA2B4141B137E140048C06D /* Frameworks */,
				EBB1D83F1B05347900F8D8B1 /* Mini#3 */,
				EBB1D8571B05347900F8D8B1 /* Mini#3Tests */,
				EBB1D83E1B05347900F8D8B1 /* Products */,
			);
			sourceTree = "<group>";
		};
		EBB1D83E1B05347900F8D8B1 /* Products */ = {
			isa = PBXGroup;
			children = (
				EBB1D83D1B05347900F8D8B1 /* Mini#3.app */,
				EBB1D8541B05347900F8D8B1 /* Mini#3Tests.xctest */,
			);
			name = Products;
			sourceTree = "<group>";
		};
		EBB1D83F1B05347900F8D8B1 /* Mini#3 */ = {
			isa = PBXGroup;
			children = (
				7EA2B42A1B13935E0048C06D /* Base.lproj */,
				7EA2B4311B13935E0048C06D /* Entities */,
				7EA2B43F1B13935E0048C06D /* Manager */,
				7EA2B4421B13935E0048C06D /* Parse */,
				7EA2B4451B13935E0048C06D /* Utilities */,
				7EA2B4471B13935E0048C06D /* Views */,
				7EA2B41A1B13904F0048C06D /* Images.xcassets */,
				EBB1D8421B05347900F8D8B1 /* AppDelegate.swift */,
				EBB1D8401B05347900F8D8B1 /* Supporting Files */,
			);
			path = "Mini#3";
			sourceTree = "<group>";
		};
		EBB1D8401B05347900F8D8B1 /* Supporting Files */ = {
			isa = PBXGroup;
			children = (
				EBB1D8411B05347900F8D8B1 /* Info.plist */,
			);
			name = "Supporting Files";
			sourceTree = "<group>";
		};
		EBB1D8571B05347900F8D8B1 /* Mini#3Tests */ = {
			isa = PBXGroup;
			children = (
				EBB1D85A1B05347900F8D8B1 /* Mini_3Tests.swift */,
				EBB1D8581B05347900F8D8B1 /* Supporting Files */,
			);
			path = "Mini#3Tests";
			sourceTree = "<group>";
		};
		EBB1D8581B05347900F8D8B1 /* Supporting Files */ = {
			isa = PBXGroup;
			children = (
				EBB1D8591B05347900F8D8B1 /* Info.plist */,
			);
			name = "Supporting Files";
			sourceTree = "<group>";
		};
/* End PBXGroup section */

/* Begin PBXNativeTarget section */
		EBB1D83C1B05347900F8D8B1 /* Mini#3 */ = {
			isa = PBXNativeTarget;
			buildConfigurationList = EBB1D85E1B05347900F8D8B1 /* Build configuration list for PBXNativeTarget "Mini#3" */;
			buildPhases = (
				EBB1D8391B05347900F8D8B1 /* Sources */,
				EBB1D83A1B05347900F8D8B1 /* Frameworks */,
				EBB1D83B1B05347900F8D8B1 /* Resources */,
			);
			buildRules = (
			);
			dependencies = (
			);
			name = "Mini#3";
			productName = "Mini#3";
			productReference = EBB1D83D1B05347900F8D8B1 /* Mini#3.app */;
			productType = "com.apple.product-type.application";
		};
		EBB1D8531B05347900F8D8B1 /* Mini#3Tests */ = {
			isa = PBXNativeTarget;
			buildConfigurationList = EBB1D8611B05347900F8D8B1 /* Build configuration list for PBXNativeTarget "Mini#3Tests" */;
			buildPhases = (
				EBB1D8501B05347900F8D8B1 /* Sources */,
				EBB1D8511B05347900F8D8B1 /* Frameworks */,
				EBB1D8521B05347900F8D8B1 /* Resources */,
			);
			buildRules = (
			);
			dependencies = (
				EBB1D8561B05347900F8D8B1 /* PBXTargetDependency */,
			);
			name = "Mini#3Tests";
			productName = "Mini#3Tests";
			productReference = EBB1D8541B05347900F8D8B1 /* Mini#3Tests.xctest */;
			productType = "com.apple.product-type.bundle.unit-test";
		};
/* End PBXNativeTarget section */

/* Begin PBXProject section */
		EBB1D8351B05347900F8D8B1 /* Project object */ = {
			isa = PBXProject;
			attributes = {
				LastUpgradeCheck = 0630;
				ORGANIZATIONNAME = "Los caras com escritório legal";
				TargetAttributes = {
					EBB1D83C1B05347900F8D8B1 = {
						CreatedOnToolsVersion = 6.3.1;
						DevelopmentTeam = KY9XTC3U67;
						SystemCapabilities = {
							com.apple.DataProtection = {
								enabled = 0;
							};
						};
					};
					EBB1D8531B05347900F8D8B1 = {
						CreatedOnToolsVersion = 6.3.1;
						TestTargetID = EBB1D83C1B05347900F8D8B1;
					};
				};
			};
			buildConfigurationList = EBB1D8381B05347900F8D8B1 /* Build configuration list for PBXProject "Mini#3" */;
			compatibilityVersion = "Xcode 3.2";
			developmentRegion = English;
			hasScannedForEncodings = 0;
			knownRegions = (
				en,
				Base,
			);
			mainGroup = EBB1D8341B05347900F8D8B1;
			productRefGroup = EBB1D83E1B05347900F8D8B1 /* Products */;
			projectDirPath = "";
			projectRoot = "";
			targets = (
				EBB1D83C1B05347900F8D8B1 /* Mini#3 */,
				EBB1D8531B05347900F8D8B1 /* Mini#3Tests */,
			);
		};
/* End PBXProject section */

/* Begin PBXResourcesBuildPhase section */
		EBB1D83B1B05347900F8D8B1 /* Resources */ = {
			isa = PBXResourcesBuildPhase;
			buildActionMask = 2147483647;
			files = (
				7EA2B4521B13935E0048C06D /* Main-iPhone.storyboard in Resources */,
				7EA2B4221B13904F0048C06D /* Images.xcassets in Resources */,
				7EA2B4501B13935E0048C06D /* LaunchScreen.xib in Resources */,
				7EA2B4621B13935E0048C06D /* EditItemView.xib in Resources */,
				E8D8B3D91B163ED000D138A1 /* Settings.bundle in Resources */,
				7EA2B4511B13935E0048C06D /* Main-iPad.storyboard in Resources */,
			);
			runOnlyForDeploymentPostprocessing = 0;
		};
		EBB1D8521B05347900F8D8B1 /* Resources */ = {
			isa = PBXResourcesBuildPhase;
			buildActionMask = 2147483647;
			files = (
			);
			runOnlyForDeploymentPostprocessing = 0;
		};
/* End PBXResourcesBuildPhase section */

/* Begin PBXSourcesBuildPhase section */
		EBB1D8391B05347900F8D8B1 /* Sources */ = {
			isa = PBXSourcesBuildPhase;
			buildActionMask = 2147483647;
			files = (
				7EA2B4641B13935E0048C06D /* LoginViewController.swift in Sources */,
				7EA2B4581B13935E0048C06D /* Photo.swift in Sources */,
				7EA2B4601B13935E0048C06D /* Stack.swift in Sources */,
				7EA2B4661B13935E0048C06D /* SettingsViewController.swift in Sources */,
				EB516A501B14E09000F5FDE1 /* PhotoCell.swift in Sources */,
				7EA2B4571B13935E0048C06D /* MediaType.swift in Sources */,
				EB516A441B13957D00F5FDE1 /* DispatchQueueType.swift in Sources */,
				7EA2B4611B13935E0048C06D /* EditItemView.swift in Sources */,
				7EA2B4651B13935E0048C06D /* MainViewController.swift in Sources */,
				EB516A4B1B14DFE700F5FDE1 /* GalleryManager.swift in Sources */,
				7EA2B45A1B13935E0048C06D /* VoiceReq.swift in Sources */,
				7EA2B45B1B13935E0048C06D /* Group.swift in Sources */,
				EB516A521B14E4B400F5FDE1 /* GalleryViewController.swift in Sources */,
				7EA2B4551B13935E0048C06D /* Item.swift in Sources */,
				7EA2B45D1B13935E0048C06D /* CategoryManager.swift in Sources */,
				EBB1D8431B05347900F8D8B1 /* AppDelegate.swift in Sources */,
				EB516A541B15163200F5FDE1 /* NetworkChecker.swift in Sources */,
				EB516A4E1B14E05600F5FDE1 /* ViewPhoto.swift in Sources */,
				7EA2B4541B13935E0048C06D /* Gallery.swift in Sources */,
				7EA2B4591B13935E0048C06D /* Video.swift in Sources */,
				7EA2B4531B13935E0048C06D /* Category.swift in Sources */,
				7EA2B45F1B13935E0048C06D /* ParseCoreManager.swift in Sources */,
				7EA2B4561B13935E0048C06D /* Media.swift in Sources */,
				7EA2B45E1B13935E0048C06D /* ConfigManager.swift in Sources */,
				7EA2B45C1B13935E0048C06D /* User.swift in Sources */,
			);
			runOnlyForDeploymentPostprocessing = 0;
		};
		EBB1D8501B05347900F8D8B1 /* Sources */ = {
			isa = PBXSourcesBuildPhase;
			buildActionMask = 2147483647;
			files = (
				EBB1D85B1B05347900F8D8B1 /* Mini_3Tests.swift in Sources */,
			);
			runOnlyForDeploymentPostprocessing = 0;
		};
/* End PBXSourcesBuildPhase section */

/* Begin PBXTargetDependency section */
		EBB1D8561B05347900F8D8B1 /* PBXTargetDependency */ = {
			isa = PBXTargetDependency;
			target = EBB1D83C1B05347900F8D8B1 /* Mini#3 */;
			targetProxy = EBB1D8551B05347900F8D8B1 /* PBXContainerItemProxy */;
		};
/* End PBXTargetDependency section */

/* Begin PBXVariantGroup section */
		7EA2B42B1B13935E0048C06D /* LaunchScreen.xib */ = {
			isa = PBXVariantGroup;
			children = (
				7EA2B42C1B13935E0048C06D /* Base */,
			);
			name = LaunchScreen.xib;
			sourceTree = "<group>";
		};
		7EA2B42D1B13935E0048C06D /* Main-iPad.storyboard */ = {
			isa = PBXVariantGroup;
			children = (
				7EA2B42E1B13935E0048C06D /* Base */,
			);
			name = "Main-iPad.storyboard";
			sourceTree = "<group>";
		};
		7EA2B42F1B13935E0048C06D /* Main-iPhone.storyboard */ = {
			isa = PBXVariantGroup;
			children = (
				7EA2B4301B13935E0048C06D /* Base */,
			);
			name = "Main-iPhone.storyboard";
			sourceTree = "<group>";
		};
/* End PBXVariantGroup section */

/* Begin XCBuildConfiguration section */
		EBB1D85C1B05347900F8D8B1 /* Debug */ = {
			isa = XCBuildConfiguration;
			buildSettings = {
				ALWAYS_SEARCH_USER_PATHS = NO;
				CLANG_CXX_LANGUAGE_STANDARD = "gnu++0x";
				CLANG_CXX_LIBRARY = "libc++";
				CLANG_ENABLE_MODULES = YES;
				CLANG_ENABLE_OBJC_ARC = YES;
				CLANG_WARN_BOOL_CONVERSION = YES;
				CLANG_WARN_CONSTANT_CONVERSION = YES;
				CLANG_WARN_DIRECT_OBJC_ISA_USAGE = YES_ERROR;
				CLANG_WARN_EMPTY_BODY = YES;
				CLANG_WARN_ENUM_CONVERSION = YES;
				CLANG_WARN_INT_CONVERSION = YES;
				CLANG_WARN_OBJC_ROOT_CLASS = YES_ERROR;
				CLANG_WARN_UNREACHABLE_CODE = YES;
				CLANG_WARN__DUPLICATE_METHOD_MATCH = YES;
				"CODE_SIGN_IDENTITY[sdk=iphoneos*]" = "iPhone Developer";
				COPY_PHASE_STRIP = NO;
				DEBUG_INFORMATION_FORMAT = "dwarf-with-dsym";
				ENABLE_STRICT_OBJC_MSGSEND = YES;
				GCC_C_LANGUAGE_STANDARD = gnu99;
				GCC_DYNAMIC_NO_PIC = NO;
				GCC_NO_COMMON_BLOCKS = YES;
				GCC_OPTIMIZATION_LEVEL = 0;
				GCC_PREPROCESSOR_DEFINITIONS = (
					"DEBUG=1",
					"$(inherited)",
				);
				GCC_SYMBOLS_PRIVATE_EXTERN = NO;
				GCC_WARN_64_TO_32_BIT_CONVERSION = YES;
				GCC_WARN_ABOUT_RETURN_TYPE = YES_ERROR;
				GCC_WARN_UNDECLARED_SELECTOR = YES;
				GCC_WARN_UNINITIALIZED_AUTOS = YES_AGGRESSIVE;
				GCC_WARN_UNUSED_FUNCTION = YES;
				GCC_WARN_UNUSED_VARIABLE = YES;
				IPHONEOS_DEPLOYMENT_TARGET = 8.3;
				MTL_ENABLE_DEBUG_INFO = YES;
				ONLY_ACTIVE_ARCH = YES;
				SDKROOT = iphoneos;
				SWIFT_OPTIMIZATION_LEVEL = "-Onone";
				TARGETED_DEVICE_FAMILY = "1,2";
			};
			name = Debug;
		};
		EBB1D85D1B05347900F8D8B1 /* Release */ = {
			isa = XCBuildConfiguration;
			buildSettings = {
				ALWAYS_SEARCH_USER_PATHS = NO;
				CLANG_CXX_LANGUAGE_STANDARD = "gnu++0x";
				CLANG_CXX_LIBRARY = "libc++";
				CLANG_ENABLE_MODULES = YES;
				CLANG_ENABLE_OBJC_ARC = YES;
				CLANG_WARN_BOOL_CONVERSION = YES;
				CLANG_WARN_CONSTANT_CONVERSION = YES;
				CLANG_WARN_DIRECT_OBJC_ISA_USAGE = YES_ERROR;
				CLANG_WARN_EMPTY_BODY = YES;
				CLANG_WARN_ENUM_CONVERSION = YES;
				CLANG_WARN_INT_CONVERSION = YES;
				CLANG_WARN_OBJC_ROOT_CLASS = YES_ERROR;
				CLANG_WARN_UNREACHABLE_CODE = YES;
				CLANG_WARN__DUPLICATE_METHOD_MATCH = YES;
				"CODE_SIGN_IDENTITY[sdk=iphoneos*]" = "iPhone Developer";
				COPY_PHASE_STRIP = NO;
				DEBUG_INFORMATION_FORMAT = "dwarf-with-dsym";
				ENABLE_NS_ASSERTIONS = NO;
				ENABLE_STRICT_OBJC_MSGSEND = YES;
				GCC_C_LANGUAGE_STANDARD = gnu99;
				GCC_NO_COMMON_BLOCKS = YES;
				GCC_WARN_64_TO_32_BIT_CONVERSION = YES;
				GCC_WARN_ABOUT_RETURN_TYPE = YES_ERROR;
				GCC_WARN_UNDECLARED_SELECTOR = YES;
				GCC_WARN_UNINITIALIZED_AUTOS = YES_AGGRESSIVE;
				GCC_WARN_UNUSED_FUNCTION = YES;
				GCC_WARN_UNUSED_VARIABLE = YES;
				IPHONEOS_DEPLOYMENT_TARGET = 8.3;
				MTL_ENABLE_DEBUG_INFO = NO;
				SDKROOT = iphoneos;
				TARGETED_DEVICE_FAMILY = "1,2";
				VALIDATE_PRODUCT = YES;
			};
			name = Release;
		};
		EBB1D85F1B05347900F8D8B1 /* Debug */ = {
			isa = XCBuildConfiguration;
			buildSettings = {
				ASSETCATALOG_COMPILER_APPICON_NAME = AppIcon;
				CLANG_ENABLE_MODULES = YES;
				CODE_SIGN_IDENTITY = "iPhone Developer";
				"CODE_SIGN_IDENTITY[sdk=iphoneos*]" = "iPhone Developer";
				FRAMEWORK_SEARCH_PATHS = (
					"$(inherited)",
					"$(PROJECT_DIR)",
					"/Users/Samuel/Downloads/parse-library-1.7.4",
					"$(PROJECT_DIR)/Mini#3/Frameworks",
				);
				INFOPLIST_FILE = "Mini#3/Info.plist";
				LD_RUNPATH_SEARCH_PATHS = "$(inherited) @executable_path/Frameworks";
				PRODUCT_NAME = "$(TARGET_NAME)";
				PROVISIONING_PROFILE = "";
				SWIFT_OBJC_BRIDGING_HEADER = "Mini#3/Mini#3-Bridging-Header.h";
				SWIFT_OPTIMIZATION_LEVEL = "-Onone";
				TARGETED_DEVICE_FAMILY = "1,2";
			};
			name = Debug;
		};
		EBB1D8601B05347900F8D8B1 /* Release */ = {
			isa = XCBuildConfiguration;
			buildSettings = {
				ASSETCATALOG_COMPILER_APPICON_NAME = AppIcon;
				CLANG_ENABLE_MODULES = YES;
				CODE_SIGN_IDENTITY = "iPhone Developer";
				"CODE_SIGN_IDENTITY[sdk=iphoneos*]" = "iPhone Developer";
				FRAMEWORK_SEARCH_PATHS = (
					"$(inherited)",
					"$(PROJECT_DIR)",
					"/Users/Samuel/Downloads/parse-library-1.7.4",
					"$(PROJECT_DIR)/Mini#3/Frameworks",
				);
				INFOPLIST_FILE = "Mini#3/Info.plist";
				LD_RUNPATH_SEARCH_PATHS = "$(inherited) @executable_path/Frameworks";
				PRODUCT_NAME = "$(TARGET_NAME)";
				PROVISIONING_PROFILE = "";
				SWIFT_OBJC_BRIDGING_HEADER = "Mini#3/Mini#3-Bridging-Header.h";
				TARGETED_DEVICE_FAMILY = "1,2";
			};
			name = Release;
		};
		EBB1D8621B05347900F8D8B1 /* Debug */ = {
			isa = XCBuildConfiguration;
			buildSettings = {
				BUNDLE_LOADER = "$(TEST_HOST)";
				FRAMEWORK_SEARCH_PATHS = (
					"$(SDKROOT)/Developer/Library/Frameworks",
					"$(inherited)",
				);
				GCC_PREPROCESSOR_DEFINITIONS = (
					"DEBUG=1",
					"$(inherited)",
				);
				INFOPLIST_FILE = "Mini#3Tests/Info.plist";
				LD_RUNPATH_SEARCH_PATHS = "$(inherited) @executable_path/Frameworks @loader_path/Frameworks";
				PRODUCT_NAME = "$(TARGET_NAME)";
				TEST_HOST = "$(BUILT_PRODUCTS_DIR)/Mini#3.app/Mini#3";
			};
			name = Debug;
		};
		EBB1D8631B05347900F8D8B1 /* Release */ = {
			isa = XCBuildConfiguration;
			buildSettings = {
				BUNDLE_LOADER = "$(TEST_HOST)";
				FRAMEWORK_SEARCH_PATHS = (
					"$(SDKROOT)/Developer/Library/Frameworks",
					"$(inherited)",
				);
				INFOPLIST_FILE = "Mini#3Tests/Info.plist";
				LD_RUNPATH_SEARCH_PATHS = "$(inherited) @executable_path/Frameworks @loader_path/Frameworks";
				PRODUCT_NAME = "$(TARGET_NAME)";
				TEST_HOST = "$(BUILT_PRODUCTS_DIR)/Mini#3.app/Mini#3";
			};
			name = Release;
		};
/* End XCBuildConfiguration section */

/* Begin XCConfigurationList section */
		EBB1D8381B05347900F8D8B1 /* Build configuration list for PBXProject "Mini#3" */ = {
			isa = XCConfigurationList;
			buildConfigurations = (
				EBB1D85C1B05347900F8D8B1 /* Debug */,
				EBB1D85D1B05347900F8D8B1 /* Release */,
			);
			defaultConfigurationIsVisible = 0;
			defaultConfigurationName = Release;
		};
		EBB1D85E1B05347900F8D8B1 /* Build configuration list for PBXNativeTarget "Mini#3" */ = {
			isa = XCConfigurationList;
			buildConfigurations = (
				EBB1D85F1B05347900F8D8B1 /* Debug */,
				EBB1D8601B05347900F8D8B1 /* Release */,
			);
			defaultConfigurationIsVisible = 0;
			defaultConfigurationName = Release;
		};
		EBB1D8611B05347900F8D8B1 /* Build configuration list for PBXNativeTarget "Mini#3Tests" */ = {
			isa = XCConfigurationList;
			buildConfigurations = (
				EBB1D8621B05347900F8D8B1 /* Debug */,
				EBB1D8631B05347900F8D8B1 /* Release */,
			);
			defaultConfigurationIsVisible = 0;
			defaultConfigurationName = Release;
		};
/* End XCConfigurationList section */
	};
	rootObject = EBB1D8351B05347900F8D8B1 /* Project object */;
}
